
Microsoft Visual Studio Solution File, Format Version 12.00
# Visual Studio 15
VisualStudioVersion = 15.0.28307.489
MinimumVisualStudioVersion = 10.0.40219.1
Project("{9A19103F-16F7-4668-BE54-9A1E7A4F7556}") = "MekanKesfi.Entities", "MekanKesfi.Entities\MekanKesfi.Entities.csproj", "{ADCB9BCF-8EBD-4A55-AB89-52AE6F0B2B84}"
EndProject
Project("{9A19103F-16F7-4668-BE54-9A1E7A4F7556}") = "MekanKesfi.Core", "MekanKesfi.Core\MekanKesfi.Core.csproj", "{0FDCF930-ED6E-478C-88ED-5E404793C8C2}"
EndProject
Project("{9A19103F-16F7-4668-BE54-9A1E7A4F7556}") = "MekanKesfi.DataAccess", "MekanKesfi.DataAccess\MekanKesfi.DataAccess.csproj", "{8A42524A-6E88-4CA7-82C3-327906EFF77D}"
EndProject
Project("{9A19103F-16F7-4668-BE54-9A1E7A4F7556}") = "MekanKesfi.Business", "MekanKesfi.Business\MekanKesfi.Business.csproj", "{00507D50-E0FF-4990-AA2E-602961DEC274}"
EndProject
Project("{9A19103F-16F7-4668-BE54-9A1E7A4F7556}") = "MekanKesfi.Dto", "MekanKesfi.Dto\MekanKesfi.Dto.csproj", "{8BD5AD4F-2D1D-4749-B7A6-01A8EAA4432B}"
EndProject
Project("{FAE04EC0-301F-11D3-BF4B-00C04F79EFBC}") = "MekanKesfiWebUI", "MekanKesfiWebUI\MekanKesfiWebUI.csproj", "{5C9D20DF-E928-4F14-984D-E362CEA09DCA}"
EndProject
Global
	GlobalSection(SolutionConfigurationPlatforms) = preSolution
		Debug|Any CPU = Debug|Any CPU
		Release|Any CPU = Release|Any CPU
	EndGlobalSection
	GlobalSection(ProjectConfigurationPlatforms) = postSolution
		{ADCB9BCF-8EBD-4A55-AB89-52AE6F0B2B84}.Debug|Any CPU.ActiveCfg = Debug|Any CPU
		{ADCB9BCF-8EBD-4A55-AB89-52AE6F0B2B84}.Debug|Any CPU.Build.0 = Debug|Any CPU
		{ADCB9BCF-8EBD-4A55-AB89-52AE6F0B2B84}.Release|Any CPU.ActiveCfg = Release|Any CPU
		{ADCB9BCF-8EBD-4A55-AB89-52AE6F0B2B84}.Release|Any CPU.Build.0 = Release|Any CPU
		{0FDCF930-ED6E-478C-88ED-5E404793C8C2}.Debug|Any CPU.ActiveCfg = Debug|Any CPU
		{0FDCF930-ED6E-478C-88ED-5E404793C8C2}.Debug|Any CPU.Build.0 = Debug|Any CPU
		{0FDCF930-ED6E-478C-88ED-5E404793C8C2}.Release|Any CPU.ActiveCfg = Release|Any CPU
		{0FDCF930-ED6E-478C-88ED-5E404793C8C2}.Release|Any CPU.Build.0 = Release|Any CPU
		{8A42524A-6E88-4CA7-82C3-327906EFF77D}.Debug|Any CPU.ActiveCfg = Debug|Any CPU
		{8A42524A-6E88-4CA7-82C3-327906EFF77D}.Debug|Any CPU.Build.0 = Debug|Any CPU
		{8A42524A-6E88-4CA7-82C3-327906EFF77D}.Release|Any CPU.ActiveCfg = Release|Any CPU
		{8A42524A-6E88-4CA7-82C3-327906EFF77D}.Release|Any CPU.Build.0 = Release|Any CPU
		{00507D50-E0FF-4990-AA2E-602961DEC274}.Debug|Any CPU.ActiveCfg = Debug|Any CPU
		{00507D50-E0FF-4990-AA2E-602961DEC274}.Debug|Any CPU.Build.0 = Debug|Any CPU
		{00507D50-E0FF-4990-AA2E-602961DEC274}.Release|Any CPU.ActiveCfg = Release|Any CPU
		{00507D50-E0FF-4990-AA2E-602961DEC274}.Release|Any CPU.Build.0 = Release|Any CPU
		{8BD5AD4F-2D1D-4749-B7A6-01A8EAA4432B}.Debug|Any CPU.ActiveCfg = Debug|Any CPU
		{8BD5AD4F-2D1D-4749-B7A6-01A8EAA4432B}.Debug|Any CPU.Build.0 = Debug|Any CPU
		{8BD5AD4F-2D1D-4749-B7A6-01A8EAA4432B}.Release|Any CPU.ActiveCfg = Release|Any CPU
		{8BD5AD4F-2D1D-4749-B7A6-01A8EAA4432B}.Release|Any CPU.Build.0 = Release|Any CPU
		{5C9D20DF-E928-4F14-984D-E362CEA09DCA}.Debug|Any CPU.ActiveCfg = Debug|Any CPU
		{5C9D20DF-E928-4F14-984D-E362CEA09DCA}.Debug|Any CPU.Build.0 = Debug|Any CPU
		{5C9D20DF-E928-4F14-984D-E362CEA09DCA}.Release|Any CPU.ActiveCfg = Release|Any CPU
		{5C9D20DF-E928-4F14-984D-E362CEA09DCA}.Release|Any CPU.Build.0 = Release|Any CPU
	EndGlobalSection
	GlobalSection(SolutionProperties) = preSolution
		HideSolutionNode = FALSE
	EndGlobalSection
	GlobalSection(ExtensibilityGlobals) = postSolution
		SolutionGuid = {E0B4EDEA-29A7-4681-ADA8-823FADF2F17C}
	EndGlobalSection
EndGlobal
